{
  "version": 4,
  "terraform_version": "1.8.2",
  "serial": 9,
  "lineage": "aa1ded38-43c5-dc3e-18b1-2ab5f8237744",
  "outputs": {},
  "resources": [
    {
      "module": "module.dash1-module",
      "mode": "managed",
      "type": "newrelic_one_dashboard",
      "name": "dash1",
      "provider": "module.dash1-module.provider[\"registry.terraform.io/newrelic/newrelic\"]",
      "instances": [
        {
          "schema_version": 0,
          "attributes": {
            "account_id": 4354770,
            "description": null,
            "guid": "NDM1NDc3MHxWSVp8REFTSEJPQVJEfGRhOjU5ODE1Njk",
            "id": "NDM1NDc3MHxWSVp8REFTSEJPQVJEfGRhOjU5ODE1Njk",
            "name": "Terraform-Dashboard_using moduleapproach",
            "page": [
              {
                "description": "",
                "guid": "NDM1NDc3MHxWSVp8REFTSEJPQVJEfDE3MzQzNjc5",
                "name": "Terraform-dashboard",
                "widget_area": [],
                "widget_bar": [],
                "widget_billboard": [
                  {
                    "colors": [],
                    "column": 1,
                    "critical": "",
                    "facet_show_other_series": false,
                    "height": 6,
                    "id": "245325291",
                    "ignore_time_range": false,
                    "legend_enabled": true,
                    "nrql_query": [
                      {
                        "account_id": 4354770,
                        "query": "SELECT average(cpuPercent) AS `CPU used %` FROM SystemSample WHERE (entityGuid = 'NDM1NDc3MHxJTkZSQXxOQXw1ODI5MzEyMDkyNDY5MTM3MjQx')"
                      }
                    ],
                    "null_values": [],
                    "row": 1,
                    "title": "CPU used percentage",
                    "units": [],
                    "warning": "",
                    "width": 4,
                    "y_axis_left_max": 0,
                    "y_axis_left_min": 0
                  }
                ],
                "widget_bullet": [],
                "widget_funnel": [],
                "widget_heatmap": [],
                "widget_histogram": [],
                "widget_json": [],
                "widget_line": [],
                "widget_log_table": [],
                "widget_markdown": [],
                "widget_pie": [
                  {
                    "colors": [],
                    "column": 9,
                    "facet_show_other_series": false,
                    "filter_current_dashboard": false,
                    "height": 3,
                    "id": "245326766",
                    "ignore_time_range": false,
                    "legend_enabled": true,
                    "linked_entity_guids": [],
                    "nrql_query": [
                      {
                        "account_id": 4354770,
                        "query": "SELECT latest(diskUsedPercent) AS `Used %` FROM StorageSample WHERE (entityGuid = 'NDM1NDc3MHxJTkZSQXxOQXw1ODI5MzEyMDkyNDY5MTM3MjQx') FACET device "
                      }
                    ],
                    "null_values": [],
                    "row": 1,
                    "title": "Disk used percentage",
                    "units": [],
                    "width": 4,
                    "y_axis_left_max": 0,
                    "y_axis_left_min": 0
                  }
                ],
                "widget_stacked_bar": [
                  {
                    "colors": [],
                    "column": 5,
                    "facet_show_other_series": false,
                    "height": 3,
                    "id": "245326769",
                    "ignore_time_range": false,
                    "legend_enabled": true,
                    "nrql_query": [
                      {
                        "account_id": 4354770,
                        "query": "SELECT average(diskUsedPercent) AS `Storage used %` FROM StorageSample WHERE (entityGuid = 'NDM1NDc3MHxJTkZSQXxOQXw1ODI5MzEyMDkyNDY5MTM3MjQx') TIMESERIES AUTO"
                      }
                    ],
                    "null_values": [],
                    "row": 1,
                    "title": "Storage used percentage",
                    "units": [],
                    "width": 4,
                    "y_axis_left_max": 0,
                    "y_axis_left_min": 0
                  }
                ],
                "widget_table": [
                  {
                    "colors": [],
                    "column": 5,
                    "facet_show_other_series": false,
                    "filter_current_dashboard": false,
                    "height": 6,
                    "id": "245326768",
                    "ignore_time_range": false,
                    "legend_enabled": true,
                    "linked_entity_guids": [],
                    "nrql_query": [
                      {
                        "account_id": 4354770,
                        "query": "SELECT latest(cpuPercent) AS `CPU %`, latest(threadCount) AS `Threads` FROM ProcessSample WHERE (entityGuid = 'NDM1NDc3MHxJTkZSQXxOQXw1ODI5MzEyMDkyNDY5MTM3MjQx') FACET processId, processDisplayName ORDER BY cpuPercent asc LIMIT 15"
                      }
                    ],
                    "null_values": [],
                    "row": 2,
                    "title": "Processes Running",
                    "units": [],
                    "width": 4,
                    "y_axis_left_max": 0,
                    "y_axis_left_min": 0
                  }
                ]
              }
            ],
            "permalink": "https://one.newrelic.com/redirect/entity/NDM1NDc3MHxWSVp8REFTSEJPQVJEfGRhOjU5ODE1Njk",
            "permissions": "public_read_only",
            "variable": []
          },
          "sensitive_attributes": [],
          "private": "bnVsbA=="
        }
      ]
    }
  ],
  "check_results": null
}
